# THIS IS AN AUTOGENERATED FILE. DO NOT EDIT THIS FILE DIRECTLY.
# yarn lockfile v1


esm@^3.2.7:
  version "3.2.7"
  resolved "https://registry.yarnpkg.com/esm/-/esm-3.2.7.tgz#5fcb7649cce55323bce9ac02496e89339df86f9f"
  integrity sha512-zsyD5gO8CY9dpK3IrdC4WHtvtHGXEFOpYA4zB+6p+Kygf3vv/6kF3YMEQLOArwKPPNvKt8gjI8UYhQW8bXM/YQ==
